# This file is automatically @generated by Cargo.
# It is not intended for manual editing.
version = 3

[[package]]
name = "fastrand"
version = "2.1.0"
source = "registry+https://github.com/rust-lang/crates.io-index"
checksum = "9fc0510504f03c51ada170672ac806f1f105a88aa97a5281117e1ddc3368e51a"

[[package]]
name = "wordle"
version = "0.4.2"

[[package]]
name = "wordle-db"
version = "0.4.2"
dependencies = [
 "fastrand",
]

[[package]]
name = "wordle-rs"
version = "0.4.2"
dependencies = [
 "wordle-terminal",
]

[[package]]
name = "wordle-terminal"
version = "0.4.2"
dependencies = [
 "wordle",
 "wordle-db",
]
